<?xml version="1.0" encoding="utf-8"?>
<Project ToolsVersion="4.0" xmlns="http://schemas.microsoft.com/developer/msbuild/2003">
  <ItemGroup>
    <Filter Include="Network">
      <UniqueIdentifier>{cc4bca26-6a18-4142-a8e4-792e47fb4c93}</UniqueIdentifier>
    </Filter>
    <Filter Include="Global">
      <UniqueIdentifier>{2126b9d9-1811-494f-ab08-db52eb7b7e91}</UniqueIdentifier>
    </Filter>
  </ItemGroup>
  <ItemGroup>
    <ClCompile Include="Network\Network.cpp">
      <Filter>Network</Filter>
    </ClCompile>
    <ClCompile Include="Global\Main.cpp">
      <Filter>Global</Filter>
    </ClCompile>
    <ClCompile Include="Network\Protocol.cpp">
      <Filter>Network</Filter>
    </ClCompile>
  </ItemGroup>
  <ItemGroup>
    <ClInclude Include="Global\Header.h">
      <Filter>Global</Filter>
    </ClInclude>
    <ClInclude Include="Network\Network.h">
      <Filter>Network</Filter>
    </ClInclude>
    <ClInclude Include="Network\Protocol.h">
      <Filter>Network</Filter>
    </ClInclude>
  </ItemGroup>
</Project>